
Microsoft Visual Studio Solution File, Format Version 12.00
# Visual Studio Version 16
VisualStudioVersion = 16.0.28803.352
MinimumVisualStudioVersion = 10.0.40219.1
Project("{2150E333-8FDC-42A3-9474-1A3956D46DE8}") = "Gnsser", "Gnsser", "{AD0A9832-5383-4466-A04D-BE3D94D33F17}"
EndProject
Project("{FAE04EC0-301F-11D3-BF4B-00C04F79EFBC}") = "Gnsser.Winform", "Gnsser\Gnsser.Winform\Gnsser.Winform.csproj", "{EDC12B19-8C0E-424A-B663-7DC0B567F1E0}"
EndProject
Project("{FAE04EC0-301F-11D3-BF4B-00C04F79EFBC}") = "Gnsser.Core", "Gnsser\Gnsser.Common\Gnsser.Core.csproj", "{8ED075C1-2F96-4EDE-AFE5-B0E44DB44D5C}"
EndProject
Project("{2150E333-8FDC-42A3-9474-1A3956D46DE8}") = "Geo", "Geo", "{149F9983-7C65-4755-9974-B4B645BCB193}"
EndProject
Project("{FAE04EC0-301F-11D3-BF4B-00C04F79EFBC}") = "Geo.Winform", "Geo\Geo.Winform\Geo.Winform.csproj", "{4D249FDD-B0FB-4567-8D13-CD5EF3228A45}"
EndProject
Project("{FAE04EC0-301F-11D3-BF4B-00C04F79EFBC}") = "Gnsser.NtripClient", "Gnsser\Gnsser.NtripClient\Gnsser.NtripClient.csproj", "{0FA39F8B-CDB8-421C-A75F-C669462992C0}"
EndProject
Project("{FAE04EC0-301F-11D3-BF4B-00C04F79EFBC}") = "Gnsser.Orbits", "Gnsser\Gnsser.Orbit\Gnsser.Orbits.csproj", "{45021429-345C-4713-B209-9F1C3E6E88D4}"
EndProject
Project("{FAE04EC0-301F-11D3-BF4B-00C04F79EFBC}") = "Geo", "Geo\Geo\Geo.csproj", "{E82770D4-22D7-4E3B-8EC6-2583E39F0779}"
EndProject
Global
	GlobalSection(SolutionConfigurationPlatforms) = preSolution
		Debug|Any CPU = Debug|Any CPU
		Debug|ARM = Debug|ARM
		Debug|ARM64 = Debug|ARM64
		Debug|Mixed Platforms = Debug|Mixed Platforms
		Debug|Win32 = Debug|Win32
		Debug|x64 = Debug|x64
		Debug|x86 = Debug|x86
		Release|Any CPU = Release|Any CPU
		Release|ARM = Release|ARM
		Release|ARM64 = Release|ARM64
		Release|Mixed Platforms = Release|Mixed Platforms
		Release|Win32 = Release|Win32
		Release|x64 = Release|x64
		Release|x86 = Release|x86
	EndGlobalSection
	GlobalSection(ProjectConfigurationPlatforms) = postSolution
		{EDC12B19-8C0E-424A-B663-7DC0B567F1E0}.Debug|Any CPU.ActiveCfg = Debug|x86
		{EDC12B19-8C0E-424A-B663-7DC0B567F1E0}.Debug|Any CPU.Build.0 = Debug|x86
		{EDC12B19-8C0E-424A-B663-7DC0B567F1E0}.Debug|ARM.ActiveCfg = Debug|x86
		{EDC12B19-8C0E-424A-B663-7DC0B567F1E0}.Debug|ARM64.ActiveCfg = Debug|x86
		{EDC12B19-8C0E-424A-B663-7DC0B567F1E0}.Debug|Mixed Platforms.ActiveCfg = Debug|x86
		{EDC12B19-8C0E-424A-B663-7DC0B567F1E0}.Debug|Mixed Platforms.Build.0 = Debug|x86
		{EDC12B19-8C0E-424A-B663-7DC0B567F1E0}.Debug|Win32.ActiveCfg = Debug|x86
		{EDC12B19-8C0E-424A-B663-7DC0B567F1E0}.Debug|Win32.Build.0 = Debug|x86
		{EDC12B19-8C0E-424A-B663-7DC0B567F1E0}.Debug|x64.ActiveCfg = Debug|x86
		{EDC12B19-8C0E-424A-B663-7DC0B567F1E0}.Debug|x86.ActiveCfg = Debug|x86
		{EDC12B19-8C0E-424A-B663-7DC0B567F1E0}.Debug|x86.Build.0 = Debug|x86
		{EDC12B19-8C0E-424A-B663-7DC0B567F1E0}.Release|Any CPU.ActiveCfg = Release|x86
		{EDC12B19-8C0E-424A-B663-7DC0B567F1E0}.Release|Any CPU.Build.0 = Release|x86
		{EDC12B19-8C0E-424A-B663-7DC0B567F1E0}.Release|ARM.ActiveCfg = Release|x86
		{EDC12B19-8C0E-424A-B663-7DC0B567F1E0}.Release|ARM64.ActiveCfg = Release|x86
		{EDC12B19-8C0E-424A-B663-7DC0B567F1E0}.Release|Mixed Platforms.ActiveCfg = Release|x86
		{EDC12B19-8C0E-424A-B663-7DC0B567F1E0}.Release|Mixed Platforms.Build.0 = Release|x86
		{EDC12B19-8C0E-424A-B663-7DC0B567F1E0}.Release|Win32.ActiveCfg = Release|x86
		{EDC12B19-8C0E-424A-B663-7DC0B567F1E0}.Release|Win32.Build.0 = Release|x86
		{EDC12B19-8C0E-424A-B663-7DC0B567F1E0}.Release|x64.ActiveCfg = Release|x86
		{EDC12B19-8C0E-424A-B663-7DC0B567F1E0}.Release|x86.ActiveCfg = Release|x86
		{EDC12B19-8C0E-424A-B663-7DC0B567F1E0}.Release|x86.Build.0 = Release|x86
		{8ED075C1-2F96-4EDE-AFE5-B0E44DB44D5C}.Debug|Any CPU.ActiveCfg = Debug|Any CPU
		{8ED075C1-2F96-4EDE-AFE5-B0E44DB44D5C}.Debug|Any CPU.Build.0 = Debug|Any CPU
		{8ED075C1-2F96-4EDE-AFE5-B0E44DB44D5C}.Debug|ARM.ActiveCfg = Debug|Any CPU
		{8ED075C1-2F96-4EDE-AFE5-B0E44DB44D5C}.Debug|ARM.Build.0 = Debug|Any CPU
		{8ED075C1-2F96-4EDE-AFE5-B0E44DB44D5C}.Debug|ARM64.ActiveCfg = Debug|Any CPU
		{8ED075C1-2F96-4EDE-AFE5-B0E44DB44D5C}.Debug|ARM64.Build.0 = Debug|Any CPU
		{8ED075C1-2F96-4EDE-AFE5-B0E44DB44D5C}.Debug|Mixed Platforms.ActiveCfg = Debug|Any CPU
		{8ED075C1-2F96-4EDE-AFE5-B0E44DB44D5C}.Debug|Mixed Platforms.Build.0 = Debug|Any CPU
		{8ED075C1-2F96-4EDE-AFE5-B0E44DB44D5C}.Debug|Win32.ActiveCfg = Debug|Any CPU
		{8ED075C1-2F96-4EDE-AFE5-B0E44DB44D5C}.Debug|x64.ActiveCfg = Debug|Any CPU
		{8ED075C1-2F96-4EDE-AFE5-B0E44DB44D5C}.Debug|x64.Build.0 = Debug|Any CPU
		{8ED075C1-2F96-4EDE-AFE5-B0E44DB44D5C}.Debug|x86.ActiveCfg = Debug|Any CPU
		{8ED075C1-2F96-4EDE-AFE5-B0E44DB44D5C}.Release|Any CPU.ActiveCfg = Release|Any CPU
		{8ED075C1-2F96-4EDE-AFE5-B0E44DB44D5C}.Release|Any CPU.Build.0 = Release|Any CPU
		{8ED075C1-2F96-4EDE-AFE5-B0E44DB44D5C}.Release|ARM.ActiveCfg = Release|Any CPU
		{8ED075C1-2F96-4EDE-AFE5-B0E44DB44D5C}.Release|ARM.Build.0 = Release|Any CPU
		{8ED075C1-2F96-4EDE-AFE5-B0E44DB44D5C}.Release|ARM64.ActiveCfg = Release|Any CPU
		{8ED075C1-2F96-4EDE-AFE5-B0E44DB44D5C}.Release|ARM64.Build.0 = Release|Any CPU
		{8ED075C1-2F96-4EDE-AFE5-B0E44DB44D5C}.Release|Mixed Platforms.ActiveCfg = Release|Any CPU
		{8ED075C1-2F96-4EDE-AFE5-B0E44DB44D5C}.Release|Mixed Platforms.Build.0 = Release|Any CPU
		{8ED075C1-2F96-4EDE-AFE5-B0E44DB44D5C}.Release|Win32.ActiveCfg = Release|Any CPU
		{8ED075C1-2F96-4EDE-AFE5-B0E44DB44D5C}.Release|x64.ActiveCfg = Release|Any CPU
		{8ED075C1-2F96-4EDE-AFE5-B0E44DB44D5C}.Release|x64.Build.0 = Release|Any CPU
		{8ED075C1-2F96-4EDE-AFE5-B0E44DB44D5C}.Release|x86.ActiveCfg = Release|Any CPU
		{4D249FDD-B0FB-4567-8D13-CD5EF3228A45}.Debug|Any CPU.ActiveCfg = Debug|x86
		{4D249FDD-B0FB-4567-8D13-CD5EF3228A45}.Debug|Any CPU.Build.0 = Debug|x86
		{4D249FDD-B0FB-4567-8D13-CD5EF3228A45}.Debug|ARM.ActiveCfg = Debug|x86
		{4D249FDD-B0FB-4567-8D13-CD5EF3228A45}.Debug|ARM64.ActiveCfg = Debug|x86
		{4D249FDD-B0FB-4567-8D13-CD5EF3228A45}.Debug|Mixed Platforms.ActiveCfg = Debug|x86
		{4D249FDD-B0FB-4567-8D13-CD5EF3228A45}.Debug|Mixed Platforms.Build.0 = Debug|x86
		{4D249FDD-B0FB-4567-8D13-CD5EF3228A45}.Debug|Win32.ActiveCfg = Debug|x86
		{4D249FDD-B0FB-4567-8D13-CD5EF3228A45}.Debug|Win32.Build.0 = Debug|x86
		{4D249FDD-B0FB-4567-8D13-CD5EF3228A45}.Debug|x64.ActiveCfg = Debug|x86
		{4D249FDD-B0FB-4567-8D13-CD5EF3228A45}.Debug|x86.ActiveCfg = Debug|x86
		{4D249FDD-B0FB-4567-8D13-CD5EF3228A45}.Debug|x86.Build.0 = Debug|x86
		{4D249FDD-B0FB-4567-8D13-CD5EF3228A45}.Release|Any CPU.ActiveCfg = Release|x86
		{4D249FDD-B0FB-4567-8D13-CD5EF3228A45}.Release|Any CPU.Build.0 = Release|x86
		{4D249FDD-B0FB-4567-8D13-CD5EF3228A45}.Release|ARM.ActiveCfg = Release|x86
		{4D249FDD-B0FB-4567-8D13-CD5EF3228A45}.Release|ARM64.ActiveCfg = Release|x86
		{4D249FDD-B0FB-4567-8D13-CD5EF3228A45}.Release|Mixed Platforms.ActiveCfg = Release|x86
		{4D249FDD-B0FB-4567-8D13-CD5EF3228A45}.Release|Mixed Platforms.Build.0 = Release|x86
		{4D249FDD-B0FB-4567-8D13-CD5EF3228A45}.Release|Win32.ActiveCfg = Release|x86
		{4D249FDD-B0FB-4567-8D13-CD5EF3228A45}.Release|Win32.Build.0 = Release|x86
		{4D249FDD-B0FB-4567-8D13-CD5EF3228A45}.Release|x64.ActiveCfg = Release|x86
		{4D249FDD-B0FB-4567-8D13-CD5EF3228A45}.Release|x86.ActiveCfg = Release|x86
		{4D249FDD-B0FB-4567-8D13-CD5EF3228A45}.Release|x86.Build.0 = Release|x86
		{0FA39F8B-CDB8-421C-A75F-C669462992C0}.Debug|Any CPU.ActiveCfg = Debug|Any CPU
		{0FA39F8B-CDB8-421C-A75F-C669462992C0}.Debug|Any CPU.Build.0 = Debug|Any CPU
		{0FA39F8B-CDB8-421C-A75F-C669462992C0}.Debug|ARM.ActiveCfg = Debug|Any CPU
		{0FA39F8B-CDB8-421C-A75F-C669462992C0}.Debug|ARM.Build.0 = Debug|Any CPU
		{0FA39F8B-CDB8-421C-A75F-C669462992C0}.Debug|ARM64.ActiveCfg = Debug|Any CPU
		{0FA39F8B-CDB8-421C-A75F-C669462992C0}.Debug|ARM64.Build.0 = Debug|Any CPU
		{0FA39F8B-CDB8-421C-A75F-C669462992C0}.Debug|Mixed Platforms.ActiveCfg = Debug|Any CPU
		{0FA39F8B-CDB8-421C-A75F-C669462992C0}.Debug|Mixed Platforms.Build.0 = Debug|Any CPU
		{0FA39F8B-CDB8-421C-A75F-C669462992C0}.Debug|Win32.ActiveCfg = Debug|Any CPU
		{0FA39F8B-CDB8-421C-A75F-C669462992C0}.Debug|x64.ActiveCfg = Debug|Any CPU
		{0FA39F8B-CDB8-421C-A75F-C669462992C0}.Debug|x64.Build.0 = Debug|Any CPU
		{0FA39F8B-CDB8-421C-A75F-C669462992C0}.Debug|x86.ActiveCfg = Debug|Any CPU
		{0FA39F8B-CDB8-421C-A75F-C669462992C0}.Release|Any CPU.ActiveCfg = Release|Any CPU
		{0FA39F8B-CDB8-421C-A75F-C669462992C0}.Release|Any CPU.Build.0 = Release|Any CPU
		{0FA39F8B-CDB8-421C-A75F-C669462992C0}.Release|ARM.ActiveCfg = Release|Any CPU
		{0FA39F8B-CDB8-421C-A75F-C669462992C0}.Release|ARM.Build.0 = Release|Any CPU
		{0FA39F8B-CDB8-421C-A75F-C669462992C0}.Release|ARM64.ActiveCfg = Release|Any CPU
		{0FA39F8B-CDB8-421C-A75F-C669462992C0}.Release|ARM64.Build.0 = Release|Any CPU
		{0FA39F8B-CDB8-421C-A75F-C669462992C0}.Release|Mixed Platforms.ActiveCfg = Release|Any CPU
		{0FA39F8B-CDB8-421C-A75F-C669462992C0}.Release|Mixed Platforms.Build.0 = Release|Any CPU
		{0FA39F8B-CDB8-421C-A75F-C669462992C0}.Release|Win32.ActiveCfg = Release|Any CPU
		{0FA39F8B-CDB8-421C-A75F-C669462992C0}.Release|x64.ActiveCfg = Release|Any CPU
		{0FA39F8B-CDB8-421C-A75F-C669462992C0}.Release|x64.Build.0 = Release|Any CPU
		{0FA39F8B-CDB8-421C-A75F-C669462992C0}.Release|x86.ActiveCfg = Release|Any CPU
		{45021429-345C-4713-B209-9F1C3E6E88D4}.Debug|Any CPU.ActiveCfg = Debug|Any CPU
		{45021429-345C-4713-B209-9F1C3E6E88D4}.Debug|Any CPU.Build.0 = Debug|Any CPU
		{45021429-345C-4713-B209-9F1C3E6E88D4}.Debug|ARM.ActiveCfg = Debug|Any CPU
		{45021429-345C-4713-B209-9F1C3E6E88D4}.Debug|ARM.Build.0 = Debug|Any CPU
		{45021429-345C-4713-B209-9F1C3E6E88D4}.Debug|ARM64.ActiveCfg = Debug|Any CPU
		{45021429-345C-4713-B209-9F1C3E6E88D4}.Debug|ARM64.Build.0 = Debug|Any CPU
		{45021429-345C-4713-B209-9F1C3E6E88D4}.Debug|Mixed Platforms.ActiveCfg = Debug|Any CPU
		{45021429-345C-4713-B209-9F1C3E6E88D4}.Debug|Mixed Platforms.Build.0 = Debug|Any CPU
		{45021429-345C-4713-B209-9F1C3E6E88D4}.Debug|Win32.ActiveCfg = Debug|Any CPU
		{45021429-345C-4713-B209-9F1C3E6E88D4}.Debug|x64.ActiveCfg = Debug|Any CPU
		{45021429-345C-4713-B209-9F1C3E6E88D4}.Debug|x64.Build.0 = Debug|Any CPU
		{45021429-345C-4713-B209-9F1C3E6E88D4}.Debug|x86.ActiveCfg = Debug|Any CPU
		{45021429-345C-4713-B209-9F1C3E6E88D4}.Release|Any CPU.ActiveCfg = Release|Any CPU
		{45021429-345C-4713-B209-9F1C3E6E88D4}.Release|Any CPU.Build.0 = Release|Any CPU
		{45021429-345C-4713-B209-9F1C3E6E88D4}.Release|ARM.ActiveCfg = Release|Any CPU
		{45021429-345C-4713-B209-9F1C3E6E88D4}.Release|ARM.Build.0 = Release|Any CPU
		{45021429-345C-4713-B209-9F1C3E6E88D4}.Release|ARM64.ActiveCfg = Release|Any CPU
		{45021429-345C-4713-B209-9F1C3E6E88D4}.Release|ARM64.Build.0 = Release|Any CPU
		{45021429-345C-4713-B209-9F1C3E6E88D4}.Release|Mixed Platforms.ActiveCfg = Release|Any CPU
		{45021429-345C-4713-B209-9F1C3E6E88D4}.Release|Mixed Platforms.Build.0 = Release|Any CPU
		{45021429-345C-4713-B209-9F1C3E6E88D4}.Release|Win32.ActiveCfg = Release|Any CPU
		{45021429-345C-4713-B209-9F1C3E6E88D4}.Release|x64.ActiveCfg = Release|Any CPU
		{45021429-345C-4713-B209-9F1C3E6E88D4}.Release|x64.Build.0 = Release|Any CPU
		{45021429-345C-4713-B209-9F1C3E6E88D4}.Release|x86.ActiveCfg = Release|Any CPU
		{E82770D4-22D7-4E3B-8EC6-2583E39F0779}.Debug|Any CPU.ActiveCfg = Debug|Any CPU
		{E82770D4-22D7-4E3B-8EC6-2583E39F0779}.Debug|Any CPU.Build.0 = Debug|Any CPU
		{E82770D4-22D7-4E3B-8EC6-2583E39F0779}.Debug|ARM.ActiveCfg = Debug|Any CPU
		{E82770D4-22D7-4E3B-8EC6-2583E39F0779}.Debug|ARM.Build.0 = Debug|Any CPU
		{E82770D4-22D7-4E3B-8EC6-2583E39F0779}.Debug|ARM64.ActiveCfg = Debug|Any CPU
		{E82770D4-22D7-4E3B-8EC6-2583E39F0779}.Debug|ARM64.Build.0 = Debug|Any CPU
		{E82770D4-22D7-4E3B-8EC6-2583E39F0779}.Debug|Mixed Platforms.ActiveCfg = Debug|Any CPU
		{E82770D4-22D7-4E3B-8EC6-2583E39F0779}.Debug|Mixed Platforms.Build.0 = Debug|Any CPU
		{E82770D4-22D7-4E3B-8EC6-2583E39F0779}.Debug|Win32.ActiveCfg = Debug|Any CPU
		{E82770D4-22D7-4E3B-8EC6-2583E39F0779}.Debug|Win32.Build.0 = Debug|Any CPU
		{E82770D4-22D7-4E3B-8EC6-2583E39F0779}.Debug|x64.ActiveCfg = Debug|Any CPU
		{E82770D4-22D7-4E3B-8EC6-2583E39F0779}.Debug|x64.Build.0 = Debug|Any CPU
		{E82770D4-22D7-4E3B-8EC6-2583E39F0779}.Debug|x86.ActiveCfg = Debug|Any CPU
		{E82770D4-22D7-4E3B-8EC6-2583E39F0779}.Debug|x86.Build.0 = Debug|Any CPU
		{E82770D4-22D7-4E3B-8EC6-2583E39F0779}.Release|Any CPU.ActiveCfg = Release|Any CPU
		{E82770D4-22D7-4E3B-8EC6-2583E39F0779}.Release|Any CPU.Build.0 = Release|Any CPU
		{E82770D4-22D7-4E3B-8EC6-2583E39F0779}.Release|ARM.ActiveCfg = Release|Any CPU
		{E82770D4-22D7-4E3B-8EC6-2583E39F0779}.Release|ARM.Build.0 = Release|Any CPU
		{E82770D4-22D7-4E3B-8EC6-2583E39F0779}.Release|ARM64.ActiveCfg = Release|Any CPU
		{E82770D4-22D7-4E3B-8EC6-2583E39F0779}.Release|ARM64.Build.0 = Release|Any CPU
		{E82770D4-22D7-4E3B-8EC6-2583E39F0779}.Release|Mixed Platforms.ActiveCfg = Release|Any CPU
		{E82770D4-22D7-4E3B-8EC6-2583E39F0779}.Release|Mixed Platforms.Build.0 = Release|Any CPU
		{E82770D4-22D7-4E3B-8EC6-2583E39F0779}.Release|Win32.ActiveCfg = Release|Any CPU
		{E82770D4-22D7-4E3B-8EC6-2583E39F0779}.Release|Win32.Build.0 = Release|Any CPU
		{E82770D4-22D7-4E3B-8EC6-2583E39F0779}.Release|x64.ActiveCfg = Release|Any CPU
		{E82770D4-22D7-4E3B-8EC6-2583E39F0779}.Release|x64.Build.0 = Release|Any CPU
		{E82770D4-22D7-4E3B-8EC6-2583E39F0779}.Release|x86.ActiveCfg = Release|Any CPU
		{E82770D4-22D7-4E3B-8EC6-2583E39F0779}.Release|x86.Build.0 = Release|Any CPU
	EndGlobalSection
	GlobalSection(SolutionProperties) = preSolution
		HideSolutionNode = FALSE
	EndGlobalSection
	GlobalSection(NestedProjects) = preSolution
		{EDC12B19-8C0E-424A-B663-7DC0B567F1E0} = {AD0A9832-5383-4466-A04D-BE3D94D33F17}
		{8ED075C1-2F96-4EDE-AFE5-B0E44DB44D5C} = {AD0A9832-5383-4466-A04D-BE3D94D33F17}
		{4D249FDD-B0FB-4567-8D13-CD5EF3228A45} = {149F9983-7C65-4755-9974-B4B645BCB193}
		{0FA39F8B-CDB8-421C-A75F-C669462992C0} = {AD0A9832-5383-4466-A04D-BE3D94D33F17}
		{45021429-345C-4713-B209-9F1C3E6E88D4} = {AD0A9832-5383-4466-A04D-BE3D94D33F17}
		{E82770D4-22D7-4E3B-8EC6-2583E39F0779} = {149F9983-7C65-4755-9974-B4B645BCB193}
	EndGlobalSection
	GlobalSection(ExtensibilityGlobals) = postSolution
		SolutionGuid = {315FDB26-3D20-42DB-9B35-2F08E5182F98}
	EndGlobalSection
EndGlobal
